# This file is autogenerated, do not edit; changes may be undone by the next 'dep ensure'.


[[projects]]
  digest = "1:e4b30804a381d7603b8a344009987c1ba351c26043501b23b8c7ce21f0b67474"
  name = "github.com/BurntSushi/toml"
  packages = ["."]
  pruneopts = ""
  revision = "3012a1dbe2e4bd1391d42b32f0577cb7bbc7f005"
  version = "v0.3.1"

[[projects]]
  digest = "1:631c9e9dc0894d1b7ba7d9f2a0120f60cc8478a1769b23b8a04a16b824c7322d"
  name = "github.com/Workiva/go-datastructures"
  packages = ["queue"]
  pruneopts = ""
  revision = "f07cbe3f82ca2fd6e5ab94afce65fe43319f675f"
  version = "v1.0.50"

[[projects]]
  digest = "1:bfa387ddee647ef9e4d1e8624bfac17a5b7a3b44064bf8126efb941db6b99c7c"
  name = "github.com/allegro/bigcache"
  packages = [
    ".",
    "queue",
  ]
  pruneopts = ""
  revision = "2cf8c0b01a0c01c2c0363d348aa7042f6542ed27"
  version = "v2.1.1"

[[projects]]
  branch = "master"
  digest = "1:3accb34ede98122d531f41232f887e4069275d575c0bd26ee6451e62c61b1f6d"
  name = "github.com/aristanetworks/goarista"
  packages = ["monotime"]
  pruneopts = ""
  revision = "60b7b74727fd0950b5456694c2f0a9fec245faee"

[[projects]]
  digest = "1:ac2a05be7167c495fe8aaf8aaf62ecf81e78d2180ecb04e16778dc6c185c96a5"
  name = "github.com/beorn7/perks"
  packages = ["quantile"]
  pruneopts = ""
  revision = "37c8de3658fcb183f997c4e13e8337516ab753e6"
  version = "v1.0.1"

[[projects]]
  branch = "master"
  digest = "1:3c952ebd531484af91b37e0fe593eeb7f937b1f022acb039a612a75bb182862b"
  name = "github.com/btcsuite/btcd"
  packages = ["btcec"]
  pruneopts = ""
  revision = "ba530c4abb35ea824a1d3c01d74969b5564c3b08"

[[projects]]
  digest = "1:0deddd908b6b4b768cfc272c16ee61e7088a60f7fe2f06c547bd3d8e1f8b8e77"
  name = "github.com/davecgh/go-spew"
  packages = ["spew"]
  pruneopts = ""
  revision = "8991bc29aa16c548c550c7ff78260e27b9ab7c73"
  version = "v1.1.1"

[[projects]]
  digest = "1:aaeffbff5bd24654cb4c190ed75d6c7b57b4f5d6741914c1a7a6bb7447e756c5"
  name = "github.com/deckarep/golang-set"
  packages = ["."]
  pruneopts = ""
  revision = "cbaa98ba5575e67703b32b4b19f73c91f3c4159e"
  version = "v1.7.1"

[[projects]]
  digest = "1:cfe61b953a7ced7d574f8ad8511b5cb5fc344dc59b51fe8ae8f76b0ef14a4a30"
  name = "github.com/edsrzf/mmap-go"
  packages = ["."]
  pruneopts = ""
  revision = "188cc3b666ba704534fa4f96e9e61f21f1e1ba7c"
  version = "v1.0.0"

[[projects]]
  digest = "1:60fa67f45c65e8269107fbc31dd8d7b0175bee2cfb028983c9006ebb3678aeab"
  name = "github.com/elastic/gosigar"
  packages = [
    ".",
    "sys/windows",
  ]
  pruneopts = ""
  revision = "7aef3366157f2bfdf3e068f73ce7193573e88e0c"
  version = "v0.10.5"

[[projects]]
  digest = "1:a434b4f8c58b32c879170ef48dd400c3cc9c7b6c56a2d2118b93a4575e889319"
  name = "github.com/etcd-io/bbolt"
  packages = ["."]
  pruneopts = ""
  revision = "a0458a2b35708eef59eb5f620ceb3cd1c01a824d"
  version = "v1.3.3"

[[projects]]
  digest = "1:2e3e0bedf9cea27c7a5d739fa8891083551bf0417caf8b6ee5dfd7098f835acc"
  name = "github.com/ethereum/go-ethereum"
  packages = [
    ".",
    "accounts",
    "accounts/abi",
    "accounts/abi/bind",
    "accounts/external",
    "accounts/keystore",
    "accounts/scwallet",
    "accounts/usbwallet",
    "accounts/usbwallet/trezor",
    "common",
    "common/bitutil",
    "common/hexutil",
    "common/math",
    "common/mclock",
    "common/prque",
    "consensus",
    "consensus/clique",
    "consensus/ethash",
    "consensus/misc",
    "core",
    "core/bloombits",
    "core/rawdb",
    "core/state",
    "core/types",
    "core/vm",
    "crypto",
    "crypto/blake2b",
    "crypto/bn256",
    "crypto/bn256/cloudflare",
    "crypto/bn256/google",
    "crypto/ecies",
    "crypto/secp256k1",
    "eth/downloader",
    "ethclient",
    "ethdb",
    "ethdb/leveldb",
    "ethdb/memorydb",
    "event",
    "internal/ethapi",
    "log",
    "metrics",
    "p2p",
    "p2p/discover",
    "p2p/discv5",
    "p2p/enode",
    "p2p/enr",
    "p2p/nat",
    "p2p/netutil",
    "params",
    "rlp",
    "rpc",
    "signer/core",
    "signer/storage",
    "trie",
  ]
  pruneopts = ""
  revision = "a1c09b93871dd3770adffb177086abda1b2ff3af"
  version = "v1.9.5"

[[projects]]
  branch = "master"
  digest = "1:60e9c3f8d9f656a93909a9fc06eed7477179adcbfff136b11f79ed9e86f2d62d"
  name = "github.com/gballet/go-libpcsclite"
  packages = ["."]
  pruneopts = ""
  revision = "2772fd86a8ff4306d2749f610a386bfee9e0d727"

[[projects]]
  digest = "1:183b1cb81b770d8033281c5629a4847a2ed7614068bb33c5a9a159d1226b23f0"
  name = "github.com/go-kit/kit"
  packages = [
    "log",
    "log/level",
    "log/term",
    "metrics",
    "metrics/discard",
    "metrics/internal/lv",
    "metrics/prometheus",
  ]
  pruneopts = ""
  revision = "150a65a7ec6156b4b640c1fd55f26fd3d475d656"
  version = "v0.9.0"

[[projects]]
  digest = "1:df89444601379b2e1ee82bf8e6b72af9901cbeed4b469fa380a519c89c339310"
  name = "github.com/go-logfmt/logfmt"
  packages = ["."]
  pruneopts = ""
  revision = "07c9b44f60d7ffdfb7d8efe1ad539965737836dc"
  version = "v0.4.0"

[[projects]]
  digest = "1:a01080d20c45c031c13f3828c56e58f4f51d926a482ad10cc0316225097eb7ea"
  name = "github.com/go-stack/stack"
  packages = ["."]
  pruneopts = ""
  revision = "2fee6af1a9795aafbe0253a0cfbdf668e1fb8a9a"
  version = "v1.8.0"

[[projects]]
  digest = "1:8a7fe65e9ac2612c4df602cc9f014a92406776d993ff0f28335e5a8831d87c53"
  name = "github.com/gogo/protobuf"
  packages = [
    "gogoproto",
    "jsonpb",
    "proto",
    "protoc-gen-gogo/descriptor",
    "sortkeys",
    "types",
  ]
  pruneopts = ""
  revision = "0ca988a254f991240804bf9821f3450d87ccbb1b"
  version = "v1.3.0"

[[projects]]
  branch = "master"
  digest = "1:0bff3dba326e7551e9309dc5088bdd878d744f167dbb6f44d2ad1eb61b26cad5"
  name = "github.com/golang/protobuf"
  packages = [
    "proto",
    "protoc-gen-go/descriptor",
    "ptypes",
    "ptypes/any",
    "ptypes/duration",
    "ptypes/timestamp",
  ]
  pruneopts = ""
  revision = "1680a479a2cfb3fa22b972af7e36d0a0fde47bf8"

[[projects]]
  digest = "1:6a6322a15aa8e99bd156fbba0aae4e5d67b4bb05251d860b348a45dfdcba9cce"
  name = "github.com/golang/snappy"
  packages = ["."]
  pruneopts = ""
  revision = "2a8bb927dd31d8daada140a5d09578521ce5c36a"
  version = "v0.0.1"

[[projects]]
  digest = "1:ad92aa49f34cbc3546063c7eb2cabb55ee2278b72842eda80e2a20a8a06a8d73"
  name = "github.com/google/uuid"
  packages = ["."]
  pruneopts = ""
  revision = "0cd6bf5da1e1c83f8b45653022c74f71af0538a4"
  version = "v1.1.1"

[[projects]]
  branch = "master"
  digest = "1:0a150dd97f5ad527c54ec9d7a065748f5b74a217f6368b1a6a90c87fb0c13797"
  name = "github.com/gopherjs/gopherjs"
  packages = ["js"]
  pruneopts = ""
  revision = "d3ddacdb130fcd23f77a827e3b599804730be6b5"

[[projects]]
  digest = "1:03168f6041f164c06dc6acaaab4ed3ad1c6088b717c365cec892b35c80f4ffc7"
  name = "github.com/gorilla/websocket"
  packages = ["."]
  pruneopts = ""
  revision = "c3e18be99d19e6b3e8f1559eea2c161a665c4b6b"
  version = "v1.4.1"

[[projects]]
  digest = "1:7f6f07500a0b7d3766b00fa466040b97f2f5b5f3eef2ecabfe516e703b05119a"
  name = "github.com/hashicorp/golang-lru"
  packages = [
    ".",
    "simplelru",
  ]
  pruneopts = ""
  revision = "7f827b33c0f158ec5dfbba01bb0b14a4541fd81d"
  version = "v0.5.3"

[[projects]]
  digest = "1:12f5eeaec19aff203d9307463ec609a2978688fab6447acf160e8bbaa3eb8fb7"
  name = "github.com/huin/goupnp"
  packages = [
    ".",
    "dcps/internetgateway1",
    "dcps/internetgateway2",
    "httpu",
    "scpd",
    "soap",
    "ssdp",
  ]
  pruneopts = ""
  revision = "656e61dfadd241c7cbdd22a023fa81ecb6860ea8"
  version = "v1.0.0"

[[projects]]
  digest = "1:76f836364ae83ed811c415aa92e1209ce49de9f62aad85b85fca749a8b96a110"
  name = "github.com/jackpal/go-nat-pmp"
  packages = ["."]
  pruneopts = ""
  revision = "c9cfead9f2a36ddf3daa40ba269aa7f4bbba6b62"
  version = "v1.0.1"

[[projects]]
  digest = "1:67259578b10db5c8357e9c1084ab9272f1fa4a1d7563c4a02600f6b5f319ea50"
  name = "github.com/jmhodges/levigo"
  packages = ["."]
  pruneopts = ""
  revision = "853d788c5c416eaaee5b044570784a96c7a26975"
  version = "v1.0.0"

[[projects]]
  branch = "master"
  digest = "1:cd1cdfe8a842c8b0d23ef2c52cf215d2e2c0dc6a7e29e8782e3429aeada94ea0"
  name = "github.com/karalabe/usb"
  packages = ["."]
  pruneopts = ""
  revision = "51dc0efba3568b598359930901dc6647e9b2c6a1"

[[projects]]
  branch = "master"
  digest = "1:1ed9eeebdf24aadfbca57eb50e6455bd1d2474525e0f0d4454de8c8e9bc7ee9a"
  name = "github.com/kr/logfmt"
  packages = ["."]
  pruneopts = ""
  revision = "b84e30acd515aadc4b783ad4ff83aff3299bdfe0"

[[projects]]
  digest = "1:e2beacef2053964dea3a7b8ccb105a46d101274cbce02698b1f0db630bb39046"
  name = "github.com/libp2p/go-buffer-pool"
  packages = ["."]
  pruneopts = ""
  revision = "c4a5988a1e475884367015e1a2d0bd5fa4c491f4"
  version = "v0.0.2"

[[projects]]
  digest = "1:84c28d9899cc4e00c38042d345cea8819275a5a62403a58530cac67022894776"
  name = "github.com/mattn/go-runewidth"
  packages = ["."]
  pruneopts = ""
  revision = "3ee7d812e62a0804a7d0a324e0249ca2db3476d3"
  version = "v0.0.4"

[[projects]]
  digest = "1:63722a4b1e1717be7b98fc686e0b30d5e7f734b9e93d7dee86293b6deab7ea28"
  name = "github.com/matttproud/golang_protobuf_extensions"
  packages = ["pbutil"]
  pruneopts = ""
  revision = "c12348ce28de40eed0136aa2b644d0ee0650e56c"
  version = "v1.0.1"

[[projects]]
  branch = "master"
  digest = "1:7feb326fc1a36e85e8c948770842b541d6cba6401a786b91136b0042382a8237"
  name = "github.com/nymtech/amcl"
  packages = [
    "version3/go/amcl",
    "version3/go/amcl/BLS381",
  ]
  pruneopts = ""
  revision = "aaf555f0387b85472aba449a384c5f565ffd44d6"

[[projects]]
  digest = "1:818564f58b5322c59f2089b79e1dffb2551e0d10dafa4906ade66eb485b934f9"
  name = "github.com/nymtech/nym-validator"
  packages = [
    "client",
    "client/config",
    "client/cryptoworker",
    "common/comm",
    "common/comm/commands",
    "common/comm/packet",
    "common/grpc/services",
    "common/utils",
    "constants",
    "crypto/bpgroup",
    "crypto/coconut/concurrency/coconutworker",
    "crypto/coconut/concurrency/jobpacket",
    "crypto/coconut/concurrency/jobqueue",
    "crypto/coconut/concurrency/jobworker",
    "crypto/coconut/scheme",
    "crypto/coconut/utils",
    "crypto/elgamal",
    "ethereum/client",
    "ethereum/token",
    "logger",
    "nym/token",
    "tendermint/client",
    "tendermint/nymabci/code",
    "tendermint/nymabci/constants",
    "tendermint/nymabci/query",
    "tendermint/nymabci/transaction",
    "worker",
  ]
  pruneopts = ""
  revision = "f96a3e42b78d28d427ae28c72db36a0e8a3302df"
  version = "v0.12.10"

[[projects]]
  digest = "1:28a9131d18ac1b8761f41370e59b7e807148bbd24a926816233522fb64e593bf"
  name = "github.com/olekukonko/tablewriter"
  packages = ["."]
  pruneopts = ""
  revision = "e6d60cf7ba1f42d86d54cdf5508611c4aafb3970"
  version = "v0.0.1"

[[projects]]
  digest = "1:a5484d4fa43127138ae6e7b2299a6a52ae006c7f803d98d717f60abf3e97192e"
  name = "github.com/pborman/uuid"
  packages = ["."]
  pruneopts = ""
  revision = "adf5a7427709b9deb95d29d3fa8a2bf9cfd388f1"
  version = "v1.2"

[[projects]]
  digest = "1:1d7e1867c49a6dd9856598ef7c3123604ea3daabf5b83f303ff457bcbc410b1d"
  name = "github.com/pkg/errors"
  packages = ["."]
  pruneopts = ""
  revision = "ba968bfe8b2f7e042a574c888954fccecfa385b4"
  version = "v0.8.1"

[[projects]]
  digest = "1:6bea0cda3fc62855d5312163e7d259fb97e31692d93c08cfffbeb2d00df0f13c"
  name = "github.com/prometheus/client_golang"
  packages = [
    "prometheus",
    "prometheus/internal",
    "prometheus/promhttp",
  ]
  pruneopts = ""
  revision = "170205fb58decfd011f1550d4cfb737230d7ae4f"
  version = "v1.1.0"

[[projects]]
  branch = "master"
  digest = "1:0a565f69553dd41b3de790fde3532e9237142f2637899e20cd3e7396f0c4f2f7"
  name = "github.com/prometheus/client_model"
  packages = ["go"]
  pruneopts = ""
  revision = "14fe0d1b01d4d5fc031dd4bec1823bd3ebbe8016"

[[projects]]
  digest = "1:8904acfa3ef080005c1fc0670ed0471739d1e211be5638cfa6af536b701942ae"
  name = "github.com/prometheus/common"
  packages = [
    "expfmt",
    "internal/bitbucket.org/ww/goautoneg",
    "model",
  ]
  pruneopts = ""
  revision = "287d3e634a1e550c9e463dd7e5a75a422c614505"
  version = "v0.7.0"

[[projects]]
  digest = "1:af5cd8219fd15c06eadaab455c0beb72f2f7bb32d298acb401d30c452a8dbd7e"
  name = "github.com/prometheus/procfs"
  packages = [
    ".",
    "internal/fs",
    "internal/util",
  ]
  pruneopts = ""
  revision = "499c85531f756d1129edd26485a5f73871eeb308"
  version = "v0.0.5"

[[projects]]
  digest = "1:9b162fd03342f501fe59d04acca305e92b25376666a38bddae78cc86d1cf0761"
  name = "github.com/prometheus/tsdb"
  packages = ["fileutil"]
  pruneopts = ""
  revision = "7762249358193da791ec62e72b080d908f96e776"
  version = "v0.10.0"

[[projects]]
  branch = "master"
  digest = "1:66f310f7b0c225fd633cfaf4fa80da9105a395f320caf490b55cce4bcee20709"
  name = "github.com/rcrowley/go-metrics"
  packages = ["."]
  pruneopts = ""
  revision = "cac0b30c2563378d434b5af411844adff8e32960"

[[projects]]
  digest = "1:6938b6ee0351393c55baa54b64352e49a741a1b7b616a7d134d237106812070f"
  name = "github.com/rjeczalik/notify"
  packages = ["."]
  pruneopts = ""
  revision = "69d839f37b13a8cb7a78366f7633a4071cb43be7"
  version = "v0.9.2"

[[projects]]
  digest = "1:1b2b34c281548413e60ec8a0efb951e75820bc6d1ee25f6d3c83fde0add004c3"
  name = "github.com/rs/cors"
  packages = ["."]
  pruneopts = ""
  revision = "db0fe48135e83b5812a5a31be0eea66984b1b521"
  version = "v1.7.0"

[[projects]]
  branch = "develop"
  digest = "1:b5043e6c0b15cb6118717bc41c16483c2ad13c7629fcdf585ea621504162047d"
  name = "github.com/status-im/keycard-go"
  packages = ["derivationpath"]
  pruneopts = ""
  revision = "d95853db0f480b9d6379009500acf44b21dc0be6"

[[projects]]
  digest = "1:65f8b31c71a0d1d3fcf69f79916c060292eeb869d6ff2c5a60977856e7834e8e"
  name = "github.com/steakknife/bloomfilter"
  packages = ["."]
  pruneopts = ""
  revision = "99ee86d9200fcc2ffde62f508329bd6627c0a307"
  version = "1.0.4"

[[projects]]
  digest = "1:2094bd320ce553607ee49742b8350ca5b0feb3fae4798e7a4bb48c1512a24bc7"
  name = "github.com/steakknife/hamming"
  packages = ["."]
  pruneopts = ""
  revision = "003c143a81c25ea5e263d692919c611c7122ae6b"
  version = "0.2.5"

[[projects]]
  digest = "1:e051a242581fa0a56ad5e72eb9375b9a2ceb78e4fe00e270c1b65c37ea659891"
  name = "github.com/stumble/gorocksdb"
  packages = ["."]
  pruneopts = ""
  revision = "85fd5aa65804ae9ad133c2c1a79a7b435be2561a"
  version = "v0.0.3"

[[projects]]
  digest = "1:0a9834d471916f392c608d4f13225444d47b6b7a0378dce1aef683d83711179f"
  name = "github.com/syndtr/goleveldb"
  packages = [
    "leveldb",
    "leveldb/cache",
    "leveldb/comparer",
    "leveldb/errors",
    "leveldb/filter",
    "leveldb/iterator",
    "leveldb/journal",
    "leveldb/memdb",
    "leveldb/opt",
    "leveldb/storage",
    "leveldb/table",
    "leveldb/util",
  ]
  pruneopts = ""
  revision = "9d007e481048296f09f59bd19bb7ae584563cd95"
  version = "v1.0.0"

[[projects]]
  digest = "1:afb16d787ce8a8d69b9a5cba62898e4fdb47eaa65a06a118fb891b3d6a31745a"
  name = "github.com/tendermint/go-amino"
  packages = ["."]
  pruneopts = ""
  revision = "6423ac677daf641ec900ec831a5abe79d2e71194"
  version = "v0.15.0"

[[projects]]
  digest = "1:b3d9c1d59241709b2f683d11fbbc8bb664063c144150b3aece937dfb82b06854"
  name = "github.com/tendermint/tendermint"
  packages = [
    "abci/client",
    "abci/example/code",
    "abci/example/counter",
    "abci/example/kvstore",
    "abci/types",
    "behaviour",
    "blockchain/v0",
    "blockchain/v1",
    "config",
    "consensus",
    "consensus/types",
    "crypto",
    "crypto/ed25519",
    "crypto/encoding/amino",
    "crypto/merkle",
    "crypto/multisig",
    "crypto/multisig/bitarray",
    "crypto/secp256k1",
    "crypto/secp256k1/internal/secp256k1",
    "crypto/tmhash",
    "evidence",
    "libs/autofile",
    "libs/clist",
    "libs/common",
    "libs/events",
    "libs/fail",
    "libs/flowrate",
    "libs/log",
    "libs/pubsub",
    "libs/pubsub/query",
    "mempool",
    "mock",
    "node",
    "p2p",
    "p2p/conn",
    "p2p/pex",
    "privval",
    "proxy",
    "rpc/client",
    "rpc/core",
    "rpc/core/types",
    "rpc/grpc",
    "rpc/lib/client",
    "rpc/lib/server",
    "rpc/lib/types",
    "state",
    "state/txindex",
    "state/txindex/kv",
    "state/txindex/null",
    "store",
    "types",
    "types/time",
    "version",
  ]
  pruneopts = ""
  revision = "ff2308b5f4d13e9f88bfc6a82c4f597c8c73c85d"
  version = "v0.32.4"

[[projects]]
  digest = "1:e541da022fd4a2a7285a658d39a0f9efb4958816d1097f9b8b7a1d2c22e45ae9"
  name = "github.com/tendermint/tm-db"
  packages = ["."]
  pruneopts = ""
  revision = "592c77241a65de515c4f135e3d458c854ac2cb4c"
  version = "v0.2.0"

[[projects]]
  branch = "master"
  digest = "1:c55a45e1236971b96086ffc8d06e15151070a522021dc15a538e650833da890d"
  name = "github.com/therecipe/qt"
  packages = [
    ".",
    "core",
    "gui",
    "network",
    "qml",
    "quickcontrols2",
  ]
  pruneopts = ""
  revision = "383164b950680455134c98956b0cad51a29aca8e"

[[projects]]
  digest = "1:8793fb4f3f13d5ddfd48e1a772c69ec5e386e3112f7780825db65d85eec549f9"
  name = "github.com/tyler-smith/go-bip39"
  packages = [
    ".",
    "wordlists",
  ]
  pruneopts = ""
  revision = "5e3853c3f4e1a44df487c7efeb064ee8b43755de"
  version = "1.0.2"

[[projects]]
  branch = "master"
  digest = "1:d928ea9d8581bc6f5589c460c823e302be8bc561b19e4535a477a2e8c69285f8"
  name = "github.com/wsddn/go-ecdh"
  packages = ["."]
  pruneopts = ""
  revision = "48726bab92085232373de4ec5c51ce7b441c63a0"

[[projects]]
  branch = "master"
  digest = "1:1a937ce2f8ce558eec577285319790df6215a6c05c907a41df1ecb528bceab28"
  name = "golang.org/x/crypto"
  packages = [
    "chacha20poly1305",
    "curve25519",
    "ed25519",
    "ed25519/internal/edwards25519",
    "hkdf",
    "internal/chacha20",
    "internal/subtle",
    "nacl/box",
    "nacl/secretbox",
    "pbkdf2",
    "poly1305",
    "ripemd160",
    "salsa20/salsa",
    "scrypt",
    "sha3",
    "ssh/terminal",
  ]
  pruneopts = ""
  revision = "cea2066c64117dea9cba47afc7c35e4d2299107d"

[[projects]]
  branch = "master"
  digest = "1:60eb80cc714e54c1179fca3454bd450ca5c1f9e1a0773266b9e0e6f3e7853a07"
  name = "golang.org/x/net"
  packages = [
    "context",
    "html",
    "html/atom",
    "html/charset",
    "http/httpguts",
    "http2",
    "http2/hpack",
    "idna",
    "internal/timeseries",
    "netutil",
    "trace",
  ]
  pruneopts = ""
  revision = "c00fd9afed17cfdca9b3e1e3b8de7ef2b3f0347b"

[[projects]]
  branch = "master"
  digest = "1:02a5110b0c8cc83edf31f25794d8486cb57358f2b84250baa4235973f48124fb"
  name = "golang.org/x/sys"
  packages = [
    "cpu",
    "unix",
    "windows",
  ]
  pruneopts = ""
  revision = "c990c680b611ac1aeb7d8f2af94a825f98d69720"

[[projects]]
  digest = "1:740b51a55815493a8d0f2b1e0d0ae48fe48953bf7eaf3fcc4198823bf67768c0"
  name = "golang.org/x/text"
  packages = [
    "collate",
    "collate/build",
    "encoding",
    "encoding/charmap",
    "encoding/htmlindex",
    "encoding/internal",
    "encoding/internal/identifier",
    "encoding/japanese",
    "encoding/korean",
    "encoding/simplifiedchinese",
    "encoding/traditionalchinese",
    "encoding/unicode",
    "internal/colltab",
    "internal/gen",
    "internal/language",
    "internal/language/compact",
    "internal/tag",
    "internal/triegen",
    "internal/ucd",
    "internal/utf8internal",
    "language",
    "runes",
    "secure/bidirule",
    "transform",
    "unicode/bidi",
    "unicode/cldr",
    "unicode/norm",
    "unicode/rangetable",
  ]
  pruneopts = ""
  revision = "342b2e1fbaa52c93f31447ad2c6abc048c63e475"
  version = "v0.3.2"

[[projects]]
  branch = "master"
  digest = "1:24493cb6ab834bca99d174636a8c5c463d25cfbd6a51514f9ed9c77d2d1b7bbf"
  name = "google.golang.org/genproto"
  packages = ["googleapis/rpc/status"]
  pruneopts = ""
  revision = "7ee9db18f195a533914d703fa8b21f3518ffd7f2"

[[projects]]
  digest = "1:30d215704e78c21ffff90aa8e86ca1a438fec2837bad082116510fe5a862af5e"
  name = "google.golang.org/grpc"
  packages = [
    ".",
    "balancer",
    "balancer/base",
    "balancer/roundrobin",
    "binarylog/grpc_binarylog_v1",
    "codes",
    "connectivity",
    "credentials",
    "credentials/internal",
    "encoding",
    "encoding/proto",
    "grpclog",
    "internal",
    "internal/backoff",
    "internal/balancerload",
    "internal/binarylog",
    "internal/channelz",
    "internal/envconfig",
    "internal/grpcrand",
    "internal/grpcsync",
    "internal/syscall",
    "internal/transport",
    "keepalive",
    "metadata",
    "naming",
    "peer",
    "resolver",
    "resolver/dns",
    "resolver/passthrough",
    "serviceconfig",
    "stats",
    "status",
    "tap",
  ]
  pruneopts = ""
  revision = "f6d0f9ee430895e87ef1ceb5ac8f39725bafceef"
  version = "v1.24.0"

[[projects]]
  branch = "v2"
  digest = "1:4f830ee018eb8c56d0def653ad7c9a1d2a053f0cef2ac6b2200f73b98fa6a681"
  name = "gopkg.in/natefinch/npipe.v2"
  packages = ["."]
  pruneopts = ""
  revision = "c1b8fa8bdccecb0b8db834ee0b92fdbcfa606dd6"

[[projects]]
  digest = "1:8e4f739f290a3d6f38b7b6d8f704be3fbff599f755e16745a1983f3e6e1b0b7e"
  name = "gopkg.in/op/go-logging.v1"
  packages = ["."]
  pruneopts = ""
  revision = "b2cb9fa56473e98db8caba80237377e83fe44db5"
  version = "v1"

[solve-meta]
  analyzer-name = "dep"
  analyzer-version = 1
  input-imports = [
    "github.com/ethereum/go-ethereum/common",
    "github.com/ethereum/go-ethereum/crypto",
    "github.com/nymtech/amcl/version3/go/amcl/BLS381",
    "github.com/nymtech/nym-validator/client",
    "github.com/nymtech/nym-validator/client/config",
    "github.com/nymtech/nym-validator/crypto/coconut/scheme",
    "github.com/nymtech/nym-validator/crypto/coconut/utils",
    "github.com/nymtech/nym-validator/nym/token",
    "github.com/tendermint/tendermint/types/time",
    "github.com/therecipe/qt",
    "github.com/therecipe/qt/core",
    "github.com/therecipe/qt/gui",
    "github.com/therecipe/qt/qml",
    "github.com/therecipe/qt/quickcontrols2",
  ]
  solver-name = "gps-cdcl"
  solver-version = 1
